
Microsoft Visual Studio Solution File, Format Version 12.00
# Visual Studio 14
VisualStudioVersion = 14.0.25420.1
MinimumVisualStudioVersion = 10.0.40219.1
Project("{FAE04EC0-301F-11D3-BF4B-00C04F79EFBC}") = "HospMgmt", "HospMgmt.csproj", "{436A1A3C-0FB1-441E-BFB3-226E9FB7F14E}"
EndProject
Project("{FAE04EC0-301F-11D3-BF4B-00C04F79EFBC}") = "Repositories", "..\..\Repositories\Repositories\Repositories.csproj", "{BD22CF40-DAFB-47F7-9514-9321BABC4A61}"
EndProject
Global
	GlobalSection(SolutionConfigurationPlatforms) = preSolution
		Debug|Any CPU = Debug|Any CPU
		Release|Any CPU = Release|Any CPU
	EndGlobalSection
	GlobalSection(ProjectConfigurationPlatforms) = postSolution
		{436A1A3C-0FB1-441E-BFB3-226E9FB7F14E}.Debug|Any CPU.ActiveCfg = Debug|Any CPU
		{436A1A3C-0FB1-441E-BFB3-226E9FB7F14E}.Debug|Any CPU.Build.0 = Debug|Any CPU
		{436A1A3C-0FB1-441E-BFB3-226E9FB7F14E}.Release|Any CPU.ActiveCfg = Release|Any CPU
		{436A1A3C-0FB1-441E-BFB3-226E9FB7F14E}.Release|Any CPU.Build.0 = Release|Any CPU
		{BD22CF40-DAFB-47F7-9514-9321BABC4A61}.Debug|Any CPU.ActiveCfg = Debug|Any CPU
		{BD22CF40-DAFB-47F7-9514-9321BABC4A61}.Debug|Any CPU.Build.0 = Debug|Any CPU
		{BD22CF40-DAFB-47F7-9514-9321BABC4A61}.Release|Any CPU.ActiveCfg = Release|Any CPU
		{BD22CF40-DAFB-47F7-9514-9321BABC4A61}.Release|Any CPU.Build.0 = Release|Any CPU
	EndGlobalSection
	GlobalSection(SolutionProperties) = preSolution
		HideSolutionNode = FALSE
	EndGlobalSection
EndGlobal
